
Microsoft Visual Studio Solution File, Format Version 12.00
# Visual Studio 15
Project("{FAE04EC0-301F-11D3-BF4B-00C04F79EFBC}") = "NavMeshComponents", "NavMeshComponents.csproj", "{E641B32A-BA77-CDDC-3D69-1C5B87208A7F}"
EndProject
Project("{FAE04EC0-301F-11D3-BF4B-00C04F79EFBC}") = "Assembly-CSharp", "Assembly-CSharp.csproj", "{00CAEC4F-21CA-FEE0-152C-BE70149BFF81}"
EndProject
Project("{FAE04EC0-301F-11D3-BF4B-00C04F79EFBC}") = "NavMeshComponentsEditor", "NavMeshComponentsEditor.csproj", "{F4CC4F76-5184-1505-B204-FB56324A680A}"
EndProject
Global
	GlobalSection(SolutionConfigurationPlatforms) = preSolution
		Debug|Any CPU = Debug|Any CPU
		Release|Any CPU = Release|Any CPU
	EndGlobalSection
	GlobalSection(ProjectConfigurationPlatforms) = postSolution
		{E641B32A-BA77-CDDC-3D69-1C5B87208A7F}.Debug|Any CPU.ActiveCfg = Debug|Any CPU
		{E641B32A-BA77-CDDC-3D69-1C5B87208A7F}.Debug|Any CPU.Build.0 = Debug|Any CPU
		{E641B32A-BA77-CDDC-3D69-1C5B87208A7F}.Release|Any CPU.ActiveCfg = Release|Any CPU
		{E641B32A-BA77-CDDC-3D69-1C5B87208A7F}.Release|Any CPU.Build.0 = Release|Any CPU
		{00CAEC4F-21CA-FEE0-152C-BE70149BFF81}.Debug|Any CPU.ActiveCfg = Debug|Any CPU
		{00CAEC4F-21CA-FEE0-152C-BE70149BFF81}.Debug|Any CPU.Build.0 = Debug|Any CPU
		{00CAEC4F-21CA-FEE0-152C-BE70149BFF81}.Release|Any CPU.ActiveCfg = Release|Any CPU
		{00CAEC4F-21CA-FEE0-152C-BE70149BFF81}.Release|Any CPU.Build.0 = Release|Any CPU
		{F4CC4F76-5184-1505-B204-FB56324A680A}.Debug|Any CPU.ActiveCfg = Debug|Any CPU
		{F4CC4F76-5184-1505-B204-FB56324A680A}.Debug|Any CPU.Build.0 = Debug|Any CPU
		{F4CC4F76-5184-1505-B204-FB56324A680A}.Release|Any CPU.ActiveCfg = Release|Any CPU
		{F4CC4F76-5184-1505-B204-FB56324A680A}.Release|Any CPU.Build.0 = Release|Any CPU
	EndGlobalSection
	GlobalSection(SolutionProperties) = preSolution
		HideSolutionNode = FALSE
	EndGlobalSection
EndGlobal
